
Microsoft Visual Studio Solution File, Format Version 12.00
# Visual Studio Version 17
VisualStudioVersion = 17.6.33723.286
MinimumVisualStudioVersion = 10.0.40219.1
Project("{8BC9CEB8-8B4A-11D0-8D11-00A0C91BC942}") = "OOP_final", "OOP_final\OOP_final.vcxproj", "{AC711EF8-3203-46F3-925C-A6CFFB6FB856}"
EndProject
Global
	GlobalSection(SolutionConfigurationPlatforms) = preSolution
		Debug|x64 = Debug|x64
		Debug|x86 = Debug|x86
		Release|x64 = Release|x64
		Release|x86 = Release|x86
	EndGlobalSection
	GlobalSection(ProjectConfigurationPlatforms) = postSolution
		{AC711EF8-3203-46F3-925C-A6CFFB6FB856}.Debug|x64.ActiveCfg = Debug|x64
		{AC711EF8-3203-46F3-925C-A6CFFB6FB856}.Debug|x64.Build.0 = Debug|x64
		{AC711EF8-3203-46F3-925C-A6CFFB6FB856}.Debug|x86.ActiveCfg = Debug|Win32
		{AC711EF8-3203-46F3-925C-A6CFFB6FB856}.Debug|x86.Build.0 = Debug|Win32
		{AC711EF8-3203-46F3-925C-A6CFFB6FB856}.Release|x64.ActiveCfg = Release|x64
		{AC711EF8-3203-46F3-925C-A6CFFB6FB856}.Release|x64.Build.0 = Release|x64
		{AC711EF8-3203-46F3-925C-A6CFFB6FB856}.Release|x86.ActiveCfg = Release|Win32
		{AC711EF8-3203-46F3-925C-A6CFFB6FB856}.Release|x86.Build.0 = Release|Win32
	EndGlobalSection
	GlobalSection(SolutionProperties) = preSolution
		HideSolutionNode = FALSE
	EndGlobalSection
	GlobalSection(ExtensibilityGlobals) = postSolution
		SolutionGuid = {3B5C802B-469F-4AF3-858D-05223DB02497}
	EndGlobalSection
EndGlobal
